
Microsoft Visual Studio Solution File, Format Version 12.00
# Visual Studio Version 17
VisualStudioVersion = 17.5.33502.453
MinimumVisualStudioVersion = 10.0.40219.1
Project("{FAE04EC0-301F-11D3-BF4B-00C04F79EFBC}") = "Navigation", "Navigation\Navigation.csproj", "{88A0AE45-0E37-4BCD-9D7D-98C30BDF1897}"
EndProject
Global
	GlobalSection(SolutionConfigurationPlatforms) = preSolution
		Debug|Any CPU = Debug|Any CPU
		Release|Any CPU = Release|Any CPU
	EndGlobalSection
	GlobalSection(ProjectConfigurationPlatforms) = postSolution
		{88A0AE45-0E37-4BCD-9D7D-98C30BDF1897}.Debug|Any CPU.ActiveCfg = Debug|Any CPU
		{88A0AE45-0E37-4BCD-9D7D-98C30BDF1897}.Debug|Any CPU.Build.0 = Debug|Any CPU
		{88A0AE45-0E37-4BCD-9D7D-98C30BDF1897}.Release|Any CPU.ActiveCfg = Release|Any CPU
		{88A0AE45-0E37-4BCD-9D7D-98C30BDF1897}.Release|Any CPU.Build.0 = Release|Any CPU
	EndGlobalSection
	GlobalSection(SolutionProperties) = preSolution
		HideSolutionNode = FALSE
	EndGlobalSection
	GlobalSection(ExtensibilityGlobals) = postSolution
		SolutionGuid = {C9F54A41-4E61-4277-8954-72E9BF4188E0}
	EndGlobalSection
EndGlobal
